{
  "name": "eliotbo.github.io",
  "version": "1.0.0",
  "lockfileVersion": 1,
  "requires": true,
  "dependencies": {
    "codemirror": {
      "version": "5.65.4",
      "resolved": "https://registry.npmjs.org/codemirror/-/codemirror-5.65.4.tgz",
      "integrity": "sha512-tytrSm5Rh52b6j36cbDXN+FHwHCl9aroY4BrDZB2NFFL3Wjfq9nuYVLFFhaOYOczKAg3JXTr8BuT8LcE5QY4Iw=="
    }
  }
}
